{
  "name": "HTML tips",
  "lockfileVersion": 2,
  "requires": true,
  "packages": {
    "": {
      "dependencies": {
        "simpledotcss": "^2.1.1"
      }
    },
    "node_modules/simpledotcss": {
      "version": "2.1.1",
      "resolved": "https://registry.npmjs.org/simpledotcss/-/simpledotcss-2.1.1.tgz",
      "integrity": "sha512-BhqPaXVd8yGiZucZzn8rRV+1q19iVUvkv4mVXvtc4KMuf8H7/FrreTqzDcTfOl8X44DftHdn/laMkAKtX/itcw=="
    }
  },
  "dependencies": {
    "simpledotcss": {
      "version": "2.1.1",
      "resolved": "https://registry.npmjs.org/simpledotcss/-/simpledotcss-2.1.1.tgz",
      "integrity": "sha512-BhqPaXVd8yGiZucZzn8rRV+1q19iVUvkv4mVXvtc4KMuf8H7/FrreTqzDcTfOl8X44DftHdn/laMkAKtX/itcw=="
    }
  }
}
